
Microsoft Visual Studio Solution File, Format Version 12.00
# Visual Studio Version 17
VisualStudioVersion = 17.7.34024.191
MinimumVisualStudioVersion = 10.0.40219.1
Project("{9A19103F-16F7-4668-BE54-9A1E7A4F7556}") = "Movidesk.Api.Client", "Movidesk.Api.Client\Movidesk.Api.Client.csproj", "{3A686040-990F-48D4-A923-6FABC1AFC55F}"
EndProject
Project("{9A19103F-16F7-4668-BE54-9A1E7A4F7556}") = "Movidesk.Api.Client.Tests", "Movidesk.Api.Client.Tests\Movidesk.Api.Client.Tests.csproj", "{51955FC4-E3B7-4C81-B266-7F26A1448312}"
EndProject
Global
	GlobalSection(SolutionConfigurationPlatforms) = preSolution
		Debug|Any CPU = Debug|Any CPU
		Release|Any CPU = Release|Any CPU
	EndGlobalSection
	GlobalSection(ProjectConfigurationPlatforms) = postSolution
		{3A686040-990F-48D4-A923-6FABC1AFC55F}.Debug|Any CPU.ActiveCfg = Debug|Any CPU
		{3A686040-990F-48D4-A923-6FABC1AFC55F}.Debug|Any CPU.Build.0 = Debug|Any CPU
		{3A686040-990F-48D4-A923-6FABC1AFC55F}.Release|Any CPU.ActiveCfg = Release|Any CPU
		{3A686040-990F-48D4-A923-6FABC1AFC55F}.Release|Any CPU.Build.0 = Release|Any CPU
		{51955FC4-E3B7-4C81-B266-7F26A1448312}.Debug|Any CPU.ActiveCfg = Debug|Any CPU
		{51955FC4-E3B7-4C81-B266-7F26A1448312}.Debug|Any CPU.Build.0 = Debug|Any CPU
		{51955FC4-E3B7-4C81-B266-7F26A1448312}.Release|Any CPU.ActiveCfg = Release|Any CPU
		{51955FC4-E3B7-4C81-B266-7F26A1448312}.Release|Any CPU.Build.0 = Release|Any CPU
	EndGlobalSection
	GlobalSection(SolutionProperties) = preSolution
		HideSolutionNode = FALSE
	EndGlobalSection
	GlobalSection(ExtensibilityGlobals) = postSolution
		SolutionGuid = {8087BEBE-E9CD-4CC1-A057-BB358085918C}
	EndGlobalSection
EndGlobal
